
Microsoft Visual Studio Solution File, Format Version 12.00
# Visual Studio Version 16
VisualStudioVersion = 16.0.29728.190
MinimumVisualStudioVersion = 10.0.40219.1
Project("{8BC9CEB8-8B4A-11D0-8D11-00A0C91BC942}") = "13023_ABCDE", "13023_ABCDE\13023_ABCDE.vcxproj", "{9CC0FEE8-F900-411D-ACFE-564E557F7986}"
EndProject
Project("{8BC9CEB8-8B4A-11D0-8D11-00A0C91BC942}") = "1260_DFS와 BFS", "1260_DFS와 BFS\1260_DFS와 BFS.vcxproj", "{A67D33EB-3261-4931-95D7-03029571D1F6}"
EndProject
Project("{8BC9CEB8-8B4A-11D0-8D11-00A0C91BC942}") = "11724_연결 요소의 개수", "11724_연결 요소의 개수\11724_연결 요소의 개수.vcxproj", "{5ED0B46A-18F9-4439-9F2B-E6E9857FFAB0}"
EndProject
Project("{8BC9CEB8-8B4A-11D0-8D11-00A0C91BC942}") = "1707_이분 그래프", "1707_이분 그래프\1707_이분 그래프.vcxproj", "{4F6039EA-E5C2-40C0-BDCC-F5E9F1201ED9}"
EndProject
Project("{8BC9CEB8-8B4A-11D0-8D11-00A0C91BC942}") = "2667_단지번호붙이기", "2667_단지번호붙이기\2667_단지번호붙이기.vcxproj", "{8E601ACE-3A9F-49A5-B870-D913B161E440}"
EndProject
Project("{8BC9CEB8-8B4A-11D0-8D11-00A0C91BC942}") = "4963_섬의 개수", "4963_섬의 개수\4963_섬의 개수.vcxproj", "{84C019C4-77FA-4739-A0AB-617A0D1ABC47}"
EndProject
Project("{8BC9CEB8-8B4A-11D0-8D11-00A0C91BC942}") = "2178_미로 탐색", "2178_미로 탐색\2178_미로 탐색.vcxproj", "{DA735531-0C42-4E4D-878B-B6305D537FDE}"
EndProject
Project("{8BC9CEB8-8B4A-11D0-8D11-00A0C91BC942}") = "7576_토마토", "7576_토마토\7576_토마토.vcxproj", "{99AC59D5-15B2-4956-B337-14D2492F17E9}"
EndProject
Project("{8BC9CEB8-8B4A-11D0-8D11-00A0C91BC942}") = "7562_나이트의 이동", "7562_나이트의 이동\7562_나이트의 이동.vcxproj", "{AA86BDC3-3734-4634-8106-78EF57A0F82B}"
EndProject
Project("{8BC9CEB8-8B4A-11D0-8D11-00A0C91BC942}") = "16929_Two Dots", "16929_Two Dots\16929_Two Dots.vcxproj", "{AA01EB16-73DC-4B43-A08E-BE1742E88F4C}"
EndProject
Project("{8BC9CEB8-8B4A-11D0-8D11-00A0C91BC942}") = "16947_서울 지하철 2호선", "16947_서울 지하철 2호선\16947_서울 지하철 2호선.vcxproj", "{ED1E22F7-706C-4E83-9377-AA3BC395306C}"
EndProject
Project("{8BC9CEB8-8B4A-11D0-8D11-00A0C91BC942}") = "16490_BFS 스페셜 저지", "16490_BFS 스페셜 저지\16490_BFS 스페셜 저지.vcxproj", "{39C332DC-BE40-43CF-92ED-A8D0949EC368}"
EndProject
Project("{8BC9CEB8-8B4A-11D0-8D11-00A0C91BC942}") = "16964_DFS 스페셜 저지", "16964_DFS 스페셜 저지\16964_DFS 스페셜 저지.vcxproj", "{969078A7-DF3B-42B1-95F9-36E53BDA5C4C}"
EndProject
Project("{8BC9CEB8-8B4A-11D0-8D11-00A0C91BC942}") = "2146_다리 만들기", "2146_다리 만들기\2146_다리 만들기.vcxproj", "{214DBA60-C8F0-4389-BE3F-87B3B72F65A3}"
EndProject
Project("{8BC9CEB8-8B4A-11D0-8D11-00A0C91BC942}") = "2606_바이러스", "2606_바이러스\2606_바이러스.vcxproj", "{8B0C9F3D-FF1F-4C00-884F-4DABE7FFBC88}"
EndProject
Project("{8BC9CEB8-8B4A-11D0-8D11-00A0C91BC942}") = "1012_유기농 배추", "1012_유기농 배추\1012_유기농 배추.vcxproj", "{9BE0D6E1-6476-4446-9481-9E2B571EB263}"
EndProject
Project("{8BC9CEB8-8B4A-11D0-8D11-00A0C91BC942}") = "1697_숨바꼭질", "1697_숨바꼭질\1697_숨바꼭질.vcxproj", "{A0732A3E-598C-4005-9313-A5DD70007F89}"
EndProject
Project("{8BC9CEB8-8B4A-11D0-8D11-00A0C91BC942}") = "13913_숨바꼭질 4", "13913_숨바꼭질 4\13913_숨바꼭질 4.vcxproj", "{D2DD6DFD-1978-4DD0-90C8-1A72E543C692}"
EndProject
Project("{8BC9CEB8-8B4A-11D0-8D11-00A0C91BC942}") = "14226_이모티콘", "14226_이모티콘\14226_이모티콘.vcxproj", "{EAA6062E-85AD-4A33-9B32-6B98DF25A281}"
EndProject
Project("{8BC9CEB8-8B4A-11D0-8D11-00A0C91BC942}") = "12851_숨바꼭질 2", "12851_숨바꼭질 2\12851_숨바꼭질 2.vcxproj", "{1FC56ACA-4739-4A04-892B-80C9D7D0E6D5}"
EndProject
Project("{8BC9CEB8-8B4A-11D0-8D11-00A0C91BC942}") = "13549_숨바꼭질 3", "13549_숨바꼭질 3\13549_숨바꼭질 3.vcxproj", "{8F799194-E7A3-45C5-882F-670F8C2E6C50}"
EndProject
Project("{8BC9CEB8-8B4A-11D0-8D11-00A0C91BC942}") = "1261_알고스팟", "1261_알고스팟\1261_알고스팟.vcxproj", "{66CB0E70-C3CA-4642-A051-D2802BDFEF53}"
EndProject
Project("{8BC9CEB8-8B4A-11D0-8D11-00A0C91BC942}") = "실전코테3장_음료수 얼려먹기", "실전코테3장_음료수 얼려먹기\실전코테3장_음료수 얼려먹기.vcxproj", "{D320BE1B-5BA1-4A56-9F4E-FBCC59AC0017}"
EndProject
Project("{8BC9CEB8-8B4A-11D0-8D11-00A0C91BC942}") = "실전코테3장_미로 탈출", "실전코테3장_미로 탈출\실전코테3장_미로 탈출.vcxproj", "{2D990C86-AE5A-4BE4-BE9D-809FBA72EE95}"
EndProject
Project("{8BC9CEB8-8B4A-11D0-8D11-00A0C91BC942}") = "dijkstra templete 1", "dijkstra templete 1\dijkstra templete.vcxproj", "{CF6602BC-39D0-4F3D-9F74-49047D9CA512}"
EndProject
Project("{8BC9CEB8-8B4A-11D0-8D11-00A0C91BC942}") = "dijkstra templete 2", "dijkstra templete 2\dijkstra templete 2.vcxproj", "{DB7D65E1-0F9C-47E8-98ED-6FB760EB8299}"
EndProject
Project("{8BC9CEB8-8B4A-11D0-8D11-00A0C91BC942}") = "floyd-whasher templete", "floyd-whasher templete\floyd-whasher templete.vcxproj", "{B39A419B-D01B-40E9-816B-85DA0BDAD19A}"
EndProject
Project("{8BC9CEB8-8B4A-11D0-8D11-00A0C91BC942}") = "실전코테3장_미래 도시", "실전코테3장_미래 도시\실전코테3장_미래 도시.vcxproj", "{33ACD15F-33D2-4792-AAB9-A6A69E3FD804}"
EndProject
Global
	GlobalSection(SolutionConfigurationPlatforms) = preSolution
		Debug|x64 = Debug|x64
		Debug|x86 = Debug|x86
		Release|x64 = Release|x64
		Release|x86 = Release|x86
	EndGlobalSection
	GlobalSection(ProjectConfigurationPlatforms) = postSolution
		{9CC0FEE8-F900-411D-ACFE-564E557F7986}.Debug|x64.ActiveCfg = Debug|x64
		{9CC0FEE8-F900-411D-ACFE-564E557F7986}.Debug|x64.Build.0 = Debug|x64
		{9CC0FEE8-F900-411D-ACFE-564E557F7986}.Debug|x86.ActiveCfg = Debug|Win32
		{9CC0FEE8-F900-411D-ACFE-564E557F7986}.Debug|x86.Build.0 = Debug|Win32
		{9CC0FEE8-F900-411D-ACFE-564E557F7986}.Release|x64.ActiveCfg = Release|x64
		{9CC0FEE8-F900-411D-ACFE-564E557F7986}.Release|x64.Build.0 = Release|x64
		{9CC0FEE8-F900-411D-ACFE-564E557F7986}.Release|x86.ActiveCfg = Release|Win32
		{9CC0FEE8-F900-411D-ACFE-564E557F7986}.Release|x86.Build.0 = Release|Win32
		{A67D33EB-3261-4931-95D7-03029571D1F6}.Debug|x64.ActiveCfg = Debug|x64
		{A67D33EB-3261-4931-95D7-03029571D1F6}.Debug|x64.Build.0 = Debug|x64
		{A67D33EB-3261-4931-95D7-03029571D1F6}.Debug|x86.ActiveCfg = Debug|Win32
		{A67D33EB-3261-4931-95D7-03029571D1F6}.Debug|x86.Build.0 = Debug|Win32
		{A67D33EB-3261-4931-95D7-03029571D1F6}.Release|x64.ActiveCfg = Release|x64
		{A67D33EB-3261-4931-95D7-03029571D1F6}.Release|x64.Build.0 = Release|x64
		{A67D33EB-3261-4931-95D7-03029571D1F6}.Release|x86.ActiveCfg = Release|Win32
		{A67D33EB-3261-4931-95D7-03029571D1F6}.Release|x86.Build.0 = Release|Win32
		{5ED0B46A-18F9-4439-9F2B-E6E9857FFAB0}.Debug|x64.ActiveCfg = Debug|x64
		{5ED0B46A-18F9-4439-9F2B-E6E9857FFAB0}.Debug|x64.Build.0 = Debug|x64
		{5ED0B46A-18F9-4439-9F2B-E6E9857FFAB0}.Debug|x86.ActiveCfg = Debug|Win32
		{5ED0B46A-18F9-4439-9F2B-E6E9857FFAB0}.Debug|x86.Build.0 = Debug|Win32
		{5ED0B46A-18F9-4439-9F2B-E6E9857FFAB0}.Release|x64.ActiveCfg = Release|x64
		{5ED0B46A-18F9-4439-9F2B-E6E9857FFAB0}.Release|x64.Build.0 = Release|x64
		{5ED0B46A-18F9-4439-9F2B-E6E9857FFAB0}.Release|x86.ActiveCfg = Release|Win32
		{5ED0B46A-18F9-4439-9F2B-E6E9857FFAB0}.Release|x86.Build.0 = Release|Win32
		{4F6039EA-E5C2-40C0-BDCC-F5E9F1201ED9}.Debug|x64.ActiveCfg = Debug|x64
		{4F6039EA-E5C2-40C0-BDCC-F5E9F1201ED9}.Debug|x64.Build.0 = Debug|x64
		{4F6039EA-E5C2-40C0-BDCC-F5E9F1201ED9}.Debug|x86.ActiveCfg = Debug|Win32
		{4F6039EA-E5C2-40C0-BDCC-F5E9F1201ED9}.Debug|x86.Build.0 = Debug|Win32
		{4F6039EA-E5C2-40C0-BDCC-F5E9F1201ED9}.Release|x64.ActiveCfg = Release|x64
		{4F6039EA-E5C2-40C0-BDCC-F5E9F1201ED9}.Release|x64.Build.0 = Release|x64
		{4F6039EA-E5C2-40C0-BDCC-F5E9F1201ED9}.Release|x86.ActiveCfg = Release|Win32
		{4F6039EA-E5C2-40C0-BDCC-F5E9F1201ED9}.Release|x86.Build.0 = Release|Win32
		{8E601ACE-3A9F-49A5-B870-D913B161E440}.Debug|x64.ActiveCfg = Debug|x64
		{8E601ACE-3A9F-49A5-B870-D913B161E440}.Debug|x64.Build.0 = Debug|x64
		{8E601ACE-3A9F-49A5-B870-D913B161E440}.Debug|x86.ActiveCfg = Debug|Win32
		{8E601ACE-3A9F-49A5-B870-D913B161E440}.Debug|x86.Build.0 = Debug|Win32
		{8E601ACE-3A9F-49A5-B870-D913B161E440}.Release|x64.ActiveCfg = Release|x64
		{8E601ACE-3A9F-49A5-B870-D913B161E440}.Release|x64.Build.0 = Release|x64
		{8E601ACE-3A9F-49A5-B870-D913B161E440}.Release|x86.ActiveCfg = Release|Win32
		{8E601ACE-3A9F-49A5-B870-D913B161E440}.Release|x86.Build.0 = Release|Win32
		{84C019C4-77FA-4739-A0AB-617A0D1ABC47}.Debug|x64.ActiveCfg = Debug|x64
		{84C019C4-77FA-4739-A0AB-617A0D1ABC47}.Debug|x64.Build.0 = Debug|x64
		{84C019C4-77FA-4739-A0AB-617A0D1ABC47}.Debug|x86.ActiveCfg = Debug|Win32
		{84C019C4-77FA-4739-A0AB-617A0D1ABC47}.Debug|x86.Build.0 = Debug|Win32
		{84C019C4-77FA-4739-A0AB-617A0D1ABC47}.Release|x64.ActiveCfg = Release|x64
		{84C019C4-77FA-4739-A0AB-617A0D1ABC47}.Release|x64.Build.0 = Release|x64
		{84C019C4-77FA-4739-A0AB-617A0D1ABC47}.Release|x86.ActiveCfg = Release|Win32
		{84C019C4-77FA-4739-A0AB-617A0D1ABC47}.Release|x86.Build.0 = Release|Win32
		{DA735531-0C42-4E4D-878B-B6305D537FDE}.Debug|x64.ActiveCfg = Debug|x64
		{DA735531-0C42-4E4D-878B-B6305D537FDE}.Debug|x64.Build.0 = Debug|x64
		{DA735531-0C42-4E4D-878B-B6305D537FDE}.Debug|x86.ActiveCfg = Debug|Win32
		{DA735531-0C42-4E4D-878B-B6305D537FDE}.Debug|x86.Build.0 = Debug|Win32
		{DA735531-0C42-4E4D-878B-B6305D537FDE}.Release|x64.ActiveCfg = Release|x64
		{DA735531-0C42-4E4D-878B-B6305D537FDE}.Release|x64.Build.0 = Release|x64
		{DA735531-0C42-4E4D-878B-B6305D537FDE}.Release|x86.ActiveCfg = Release|Win32
		{DA735531-0C42-4E4D-878B-B6305D537FDE}.Release|x86.Build.0 = Release|Win32
		{99AC59D5-15B2-4956-B337-14D2492F17E9}.Debug|x64.ActiveCfg = Debug|x64
		{99AC59D5-15B2-4956-B337-14D2492F17E9}.Debug|x64.Build.0 = Debug|x64
		{99AC59D5-15B2-4956-B337-14D2492F17E9}.Debug|x86.ActiveCfg = Debug|Win32
		{99AC59D5-15B2-4956-B337-14D2492F17E9}.Debug|x86.Build.0 = Debug|Win32
		{99AC59D5-15B2-4956-B337-14D2492F17E9}.Release|x64.ActiveCfg = Release|x64
		{99AC59D5-15B2-4956-B337-14D2492F17E9}.Release|x64.Build.0 = Release|x64
		{99AC59D5-15B2-4956-B337-14D2492F17E9}.Release|x86.ActiveCfg = Release|Win32
		{99AC59D5-15B2-4956-B337-14D2492F17E9}.Release|x86.Build.0 = Release|Win32
		{AA86BDC3-3734-4634-8106-78EF57A0F82B}.Debug|x64.ActiveCfg = Debug|x64
		{AA86BDC3-3734-4634-8106-78EF57A0F82B}.Debug|x64.Build.0 = Debug|x64
		{AA86BDC3-3734-4634-8106-78EF57A0F82B}.Debug|x86.ActiveCfg = Debug|Win32
		{AA86BDC3-3734-4634-8106-78EF57A0F82B}.Debug|x86.Build.0 = Debug|Win32
		{AA86BDC3-3734-4634-8106-78EF57A0F82B}.Release|x64.ActiveCfg = Release|x64
		{AA86BDC3-3734-4634-8106-78EF57A0F82B}.Release|x64.Build.0 = Release|x64
		{AA86BDC3-3734-4634-8106-78EF57A0F82B}.Release|x86.ActiveCfg = Release|Win32
		{AA86BDC3-3734-4634-8106-78EF57A0F82B}.Release|x86.Build.0 = Release|Win32
		{AA01EB16-73DC-4B43-A08E-BE1742E88F4C}.Debug|x64.ActiveCfg = Debug|x64
		{AA01EB16-73DC-4B43-A08E-BE1742E88F4C}.Debug|x64.Build.0 = Debug|x64
		{AA01EB16-73DC-4B43-A08E-BE1742E88F4C}.Debug|x86.ActiveCfg = Debug|Win32
		{AA01EB16-73DC-4B43-A08E-BE1742E88F4C}.Debug|x86.Build.0 = Debug|Win32
		{AA01EB16-73DC-4B43-A08E-BE1742E88F4C}.Release|x64.ActiveCfg = Release|x64
		{AA01EB16-73DC-4B43-A08E-BE1742E88F4C}.Release|x64.Build.0 = Release|x64
		{AA01EB16-73DC-4B43-A08E-BE1742E88F4C}.Release|x86.ActiveCfg = Release|Win32
		{AA01EB16-73DC-4B43-A08E-BE1742E88F4C}.Release|x86.Build.0 = Release|Win32
		{ED1E22F7-706C-4E83-9377-AA3BC395306C}.Debug|x64.ActiveCfg = Debug|x64
		{ED1E22F7-706C-4E83-9377-AA3BC395306C}.Debug|x64.Build.0 = Debug|x64
		{ED1E22F7-706C-4E83-9377-AA3BC395306C}.Debug|x86.ActiveCfg = Debug|Win32
		{ED1E22F7-706C-4E83-9377-AA3BC395306C}.Debug|x86.Build.0 = Debug|Win32
		{ED1E22F7-706C-4E83-9377-AA3BC395306C}.Release|x64.ActiveCfg = Release|x64
		{ED1E22F7-706C-4E83-9377-AA3BC395306C}.Release|x64.Build.0 = Release|x64
		{ED1E22F7-706C-4E83-9377-AA3BC395306C}.Release|x86.ActiveCfg = Release|Win32
		{ED1E22F7-706C-4E83-9377-AA3BC395306C}.Release|x86.Build.0 = Release|Win32
		{39C332DC-BE40-43CF-92ED-A8D0949EC368}.Debug|x64.ActiveCfg = Debug|x64
		{39C332DC-BE40-43CF-92ED-A8D0949EC368}.Debug|x64.Build.0 = Debug|x64
		{39C332DC-BE40-43CF-92ED-A8D0949EC368}.Debug|x86.ActiveCfg = Debug|Win32
		{39C332DC-BE40-43CF-92ED-A8D0949EC368}.Debug|x86.Build.0 = Debug|Win32
		{39C332DC-BE40-43CF-92ED-A8D0949EC368}.Release|x64.ActiveCfg = Release|x64
		{39C332DC-BE40-43CF-92ED-A8D0949EC368}.Release|x64.Build.0 = Release|x64
		{39C332DC-BE40-43CF-92ED-A8D0949EC368}.Release|x86.ActiveCfg = Release|Win32
		{39C332DC-BE40-43CF-92ED-A8D0949EC368}.Release|x86.Build.0 = Release|Win32
		{969078A7-DF3B-42B1-95F9-36E53BDA5C4C}.Debug|x64.ActiveCfg = Debug|x64
		{969078A7-DF3B-42B1-95F9-36E53BDA5C4C}.Debug|x64.Build.0 = Debug|x64
		{969078A7-DF3B-42B1-95F9-36E53BDA5C4C}.Debug|x86.ActiveCfg = Debug|Win32
		{969078A7-DF3B-42B1-95F9-36E53BDA5C4C}.Debug|x86.Build.0 = Debug|Win32
		{969078A7-DF3B-42B1-95F9-36E53BDA5C4C}.Release|x64.ActiveCfg = Release|x64
		{969078A7-DF3B-42B1-95F9-36E53BDA5C4C}.Release|x64.Build.0 = Release|x64
		{969078A7-DF3B-42B1-95F9-36E53BDA5C4C}.Release|x86.ActiveCfg = Release|Win32
		{969078A7-DF3B-42B1-95F9-36E53BDA5C4C}.Release|x86.Build.0 = Release|Win32
		{214DBA60-C8F0-4389-BE3F-87B3B72F65A3}.Debug|x64.ActiveCfg = Debug|x64
		{214DBA60-C8F0-4389-BE3F-87B3B72F65A3}.Debug|x64.Build.0 = Debug|x64
		{214DBA60-C8F0-4389-BE3F-87B3B72F65A3}.Debug|x86.ActiveCfg = Debug|Win32
		{214DBA60-C8F0-4389-BE3F-87B3B72F65A3}.Debug|x86.Build.0 = Debug|Win32
		{214DBA60-C8F0-4389-BE3F-87B3B72F65A3}.Release|x64.ActiveCfg = Release|x64
		{214DBA60-C8F0-4389-BE3F-87B3B72F65A3}.Release|x64.Build.0 = Release|x64
		{214DBA60-C8F0-4389-BE3F-87B3B72F65A3}.Release|x86.ActiveCfg = Release|Win32
		{214DBA60-C8F0-4389-BE3F-87B3B72F65A3}.Release|x86.Build.0 = Release|Win32
		{8B0C9F3D-FF1F-4C00-884F-4DABE7FFBC88}.Debug|x64.ActiveCfg = Debug|x64
		{8B0C9F3D-FF1F-4C00-884F-4DABE7FFBC88}.Debug|x64.Build.0 = Debug|x64
		{8B0C9F3D-FF1F-4C00-884F-4DABE7FFBC88}.Debug|x86.ActiveCfg = Debug|Win32
		{8B0C9F3D-FF1F-4C00-884F-4DABE7FFBC88}.Debug|x86.Build.0 = Debug|Win32
		{8B0C9F3D-FF1F-4C00-884F-4DABE7FFBC88}.Release|x64.ActiveCfg = Release|x64
		{8B0C9F3D-FF1F-4C00-884F-4DABE7FFBC88}.Release|x64.Build.0 = Release|x64
		{8B0C9F3D-FF1F-4C00-884F-4DABE7FFBC88}.Release|x86.ActiveCfg = Release|Win32
		{8B0C9F3D-FF1F-4C00-884F-4DABE7FFBC88}.Release|x86.Build.0 = Release|Win32
		{9BE0D6E1-6476-4446-9481-9E2B571EB263}.Debug|x64.ActiveCfg = Debug|x64
		{9BE0D6E1-6476-4446-9481-9E2B571EB263}.Debug|x64.Build.0 = Debug|x64
		{9BE0D6E1-6476-4446-9481-9E2B571EB263}.Debug|x86.ActiveCfg = Debug|Win32
		{9BE0D6E1-6476-4446-9481-9E2B571EB263}.Debug|x86.Build.0 = Debug|Win32
		{9BE0D6E1-6476-4446-9481-9E2B571EB263}.Release|x64.ActiveCfg = Release|x64
		{9BE0D6E1-6476-4446-9481-9E2B571EB263}.Release|x64.Build.0 = Release|x64
		{9BE0D6E1-6476-4446-9481-9E2B571EB263}.Release|x86.ActiveCfg = Release|Win32
		{9BE0D6E1-6476-4446-9481-9E2B571EB263}.Release|x86.Build.0 = Release|Win32
		{A0732A3E-598C-4005-9313-A5DD70007F89}.Debug|x64.ActiveCfg = Debug|x64
		{A0732A3E-598C-4005-9313-A5DD70007F89}.Debug|x64.Build.0 = Debug|x64
		{A0732A3E-598C-4005-9313-A5DD70007F89}.Debug|x86.ActiveCfg = Debug|Win32
		{A0732A3E-598C-4005-9313-A5DD70007F89}.Debug|x86.Build.0 = Debug|Win32
		{A0732A3E-598C-4005-9313-A5DD70007F89}.Release|x64.ActiveCfg = Release|x64
		{A0732A3E-598C-4005-9313-A5DD70007F89}.Release|x64.Build.0 = Release|x64
		{A0732A3E-598C-4005-9313-A5DD70007F89}.Release|x86.ActiveCfg = Release|Win32
		{A0732A3E-598C-4005-9313-A5DD70007F89}.Release|x86.Build.0 = Release|Win32
		{D2DD6DFD-1978-4DD0-90C8-1A72E543C692}.Debug|x64.ActiveCfg = Debug|x64
		{D2DD6DFD-1978-4DD0-90C8-1A72E543C692}.Debug|x64.Build.0 = Debug|x64
		{D2DD6DFD-1978-4DD0-90C8-1A72E543C692}.Debug|x86.ActiveCfg = Debug|Win32
		{D2DD6DFD-1978-4DD0-90C8-1A72E543C692}.Debug|x86.Build.0 = Debug|Win32
		{D2DD6DFD-1978-4DD0-90C8-1A72E543C692}.Release|x64.ActiveCfg = Release|x64
		{D2DD6DFD-1978-4DD0-90C8-1A72E543C692}.Release|x64.Build.0 = Release|x64
		{D2DD6DFD-1978-4DD0-90C8-1A72E543C692}.Release|x86.ActiveCfg = Release|Win32
		{D2DD6DFD-1978-4DD0-90C8-1A72E543C692}.Release|x86.Build.0 = Release|Win32
		{EAA6062E-85AD-4A33-9B32-6B98DF25A281}.Debug|x64.ActiveCfg = Debug|x64
		{EAA6062E-85AD-4A33-9B32-6B98DF25A281}.Debug|x64.Build.0 = Debug|x64
		{EAA6062E-85AD-4A33-9B32-6B98DF25A281}.Debug|x86.ActiveCfg = Debug|Win32
		{EAA6062E-85AD-4A33-9B32-6B98DF25A281}.Debug|x86.Build.0 = Debug|Win32
		{EAA6062E-85AD-4A33-9B32-6B98DF25A281}.Release|x64.ActiveCfg = Release|x64
		{EAA6062E-85AD-4A33-9B32-6B98DF25A281}.Release|x64.Build.0 = Release|x64
		{EAA6062E-85AD-4A33-9B32-6B98DF25A281}.Release|x86.ActiveCfg = Release|Win32
		{EAA6062E-85AD-4A33-9B32-6B98DF25A281}.Release|x86.Build.0 = Release|Win32
		{1FC56ACA-4739-4A04-892B-80C9D7D0E6D5}.Debug|x64.ActiveCfg = Debug|x64
		{1FC56ACA-4739-4A04-892B-80C9D7D0E6D5}.Debug|x64.Build.0 = Debug|x64
		{1FC56ACA-4739-4A04-892B-80C9D7D0E6D5}.Debug|x86.ActiveCfg = Debug|Win32
		{1FC56ACA-4739-4A04-892B-80C9D7D0E6D5}.Debug|x86.Build.0 = Debug|Win32
		{1FC56ACA-4739-4A04-892B-80C9D7D0E6D5}.Release|x64.ActiveCfg = Release|x64
		{1FC56ACA-4739-4A04-892B-80C9D7D0E6D5}.Release|x64.Build.0 = Release|x64
		{1FC56ACA-4739-4A04-892B-80C9D7D0E6D5}.Release|x86.ActiveCfg = Release|Win32
		{1FC56ACA-4739-4A04-892B-80C9D7D0E6D5}.Release|x86.Build.0 = Release|Win32
		{8F799194-E7A3-45C5-882F-670F8C2E6C50}.Debug|x64.ActiveCfg = Debug|x64
		{8F799194-E7A3-45C5-882F-670F8C2E6C50}.Debug|x64.Build.0 = Debug|x64
		{8F799194-E7A3-45C5-882F-670F8C2E6C50}.Debug|x86.ActiveCfg = Debug|Win32
		{8F799194-E7A3-45C5-882F-670F8C2E6C50}.Debug|x86.Build.0 = Debug|Win32
		{8F799194-E7A3-45C5-882F-670F8C2E6C50}.Release|x64.ActiveCfg = Release|x64
		{8F799194-E7A3-45C5-882F-670F8C2E6C50}.Release|x64.Build.0 = Release|x64
		{8F799194-E7A3-45C5-882F-670F8C2E6C50}.Release|x86.ActiveCfg = Release|Win32
		{8F799194-E7A3-45C5-882F-670F8C2E6C50}.Release|x86.Build.0 = Release|Win32
		{66CB0E70-C3CA-4642-A051-D2802BDFEF53}.Debug|x64.ActiveCfg = Debug|x64
		{66CB0E70-C3CA-4642-A051-D2802BDFEF53}.Debug|x64.Build.0 = Debug|x64
		{66CB0E70-C3CA-4642-A051-D2802BDFEF53}.Debug|x86.ActiveCfg = Debug|Win32
		{66CB0E70-C3CA-4642-A051-D2802BDFEF53}.Debug|x86.Build.0 = Debug|Win32
		{66CB0E70-C3CA-4642-A051-D2802BDFEF53}.Release|x64.ActiveCfg = Release|x64
		{66CB0E70-C3CA-4642-A051-D2802BDFEF53}.Release|x64.Build.0 = Release|x64
		{66CB0E70-C3CA-4642-A051-D2802BDFEF53}.Release|x86.ActiveCfg = Release|Win32
		{66CB0E70-C3CA-4642-A051-D2802BDFEF53}.Release|x86.Build.0 = Release|Win32
		{D320BE1B-5BA1-4A56-9F4E-FBCC59AC0017}.Debug|x64.ActiveCfg = Debug|x64
		{D320BE1B-5BA1-4A56-9F4E-FBCC59AC0017}.Debug|x64.Build.0 = Debug|x64
		{D320BE1B-5BA1-4A56-9F4E-FBCC59AC0017}.Debug|x86.ActiveCfg = Debug|Win32
		{D320BE1B-5BA1-4A56-9F4E-FBCC59AC0017}.Debug|x86.Build.0 = Debug|Win32
		{D320BE1B-5BA1-4A56-9F4E-FBCC59AC0017}.Release|x64.ActiveCfg = Release|x64
		{D320BE1B-5BA1-4A56-9F4E-FBCC59AC0017}.Release|x64.Build.0 = Release|x64
		{D320BE1B-5BA1-4A56-9F4E-FBCC59AC0017}.Release|x86.ActiveCfg = Release|Win32
		{D320BE1B-5BA1-4A56-9F4E-FBCC59AC0017}.Release|x86.Build.0 = Release|Win32
		{2D990C86-AE5A-4BE4-BE9D-809FBA72EE95}.Debug|x64.ActiveCfg = Debug|x64
		{2D990C86-AE5A-4BE4-BE9D-809FBA72EE95}.Debug|x64.Build.0 = Debug|x64
		{2D990C86-AE5A-4BE4-BE9D-809FBA72EE95}.Debug|x86.ActiveCfg = Debug|Win32
		{2D990C86-AE5A-4BE4-BE9D-809FBA72EE95}.Debug|x86.Build.0 = Debug|Win32
		{2D990C86-AE5A-4BE4-BE9D-809FBA72EE95}.Release|x64.ActiveCfg = Release|x64
		{2D990C86-AE5A-4BE4-BE9D-809FBA72EE95}.Release|x64.Build.0 = Release|x64
		{2D990C86-AE5A-4BE4-BE9D-809FBA72EE95}.Release|x86.ActiveCfg = Release|Win32
		{2D990C86-AE5A-4BE4-BE9D-809FBA72EE95}.Release|x86.Build.0 = Release|Win32
		{CF6602BC-39D0-4F3D-9F74-49047D9CA512}.Debug|x64.ActiveCfg = Debug|x64
		{CF6602BC-39D0-4F3D-9F74-49047D9CA512}.Debug|x64.Build.0 = Debug|x64
		{CF6602BC-39D0-4F3D-9F74-49047D9CA512}.Debug|x86.ActiveCfg = Debug|Win32
		{CF6602BC-39D0-4F3D-9F74-49047D9CA512}.Debug|x86.Build.0 = Debug|Win32
		{CF6602BC-39D0-4F3D-9F74-49047D9CA512}.Release|x64.ActiveCfg = Release|x64
		{CF6602BC-39D0-4F3D-9F74-49047D9CA512}.Release|x64.Build.0 = Release|x64
		{CF6602BC-39D0-4F3D-9F74-49047D9CA512}.Release|x86.ActiveCfg = Release|Win32
		{CF6602BC-39D0-4F3D-9F74-49047D9CA512}.Release|x86.Build.0 = Release|Win32
		{DB7D65E1-0F9C-47E8-98ED-6FB760EB8299}.Debug|x64.ActiveCfg = Debug|x64
		{DB7D65E1-0F9C-47E8-98ED-6FB760EB8299}.Debug|x64.Build.0 = Debug|x64
		{DB7D65E1-0F9C-47E8-98ED-6FB760EB8299}.Debug|x86.ActiveCfg = Debug|Win32
		{DB7D65E1-0F9C-47E8-98ED-6FB760EB8299}.Debug|x86.Build.0 = Debug|Win32
		{DB7D65E1-0F9C-47E8-98ED-6FB760EB8299}.Release|x64.ActiveCfg = Release|x64
		{DB7D65E1-0F9C-47E8-98ED-6FB760EB8299}.Release|x64.Build.0 = Release|x64
		{DB7D65E1-0F9C-47E8-98ED-6FB760EB8299}.Release|x86.ActiveCfg = Release|Win32
		{DB7D65E1-0F9C-47E8-98ED-6FB760EB8299}.Release|x86.Build.0 = Release|Win32
		{B39A419B-D01B-40E9-816B-85DA0BDAD19A}.Debug|x64.ActiveCfg = Debug|x64
		{B39A419B-D01B-40E9-816B-85DA0BDAD19A}.Debug|x64.Build.0 = Debug|x64
		{B39A419B-D01B-40E9-816B-85DA0BDAD19A}.Debug|x86.ActiveCfg = Debug|Win32
		{B39A419B-D01B-40E9-816B-85DA0BDAD19A}.Debug|x86.Build.0 = Debug|Win32
		{B39A419B-D01B-40E9-816B-85DA0BDAD19A}.Release|x64.ActiveCfg = Release|x64
		{B39A419B-D01B-40E9-816B-85DA0BDAD19A}.Release|x64.Build.0 = Release|x64
		{B39A419B-D01B-40E9-816B-85DA0BDAD19A}.Release|x86.ActiveCfg = Release|Win32
		{B39A419B-D01B-40E9-816B-85DA0BDAD19A}.Release|x86.Build.0 = Release|Win32
		{33ACD15F-33D2-4792-AAB9-A6A69E3FD804}.Debug|x64.ActiveCfg = Debug|x64
		{33ACD15F-33D2-4792-AAB9-A6A69E3FD804}.Debug|x64.Build.0 = Debug|x64
		{33ACD15F-33D2-4792-AAB9-A6A69E3FD804}.Debug|x86.ActiveCfg = Debug|Win32
		{33ACD15F-33D2-4792-AAB9-A6A69E3FD804}.Debug|x86.Build.0 = Debug|Win32
		{33ACD15F-33D2-4792-AAB9-A6A69E3FD804}.Release|x64.ActiveCfg = Release|x64
		{33ACD15F-33D2-4792-AAB9-A6A69E3FD804}.Release|x64.Build.0 = Release|x64
		{33ACD15F-33D2-4792-AAB9-A6A69E3FD804}.Release|x86.ActiveCfg = Release|Win32
		{33ACD15F-33D2-4792-AAB9-A6A69E3FD804}.Release|x86.Build.0 = Release|Win32
	EndGlobalSection
	GlobalSection(SolutionProperties) = preSolution
		HideSolutionNode = FALSE
	EndGlobalSection
	GlobalSection(ExtensibilityGlobals) = postSolution
		SolutionGuid = {92A48361-5EA9-4007-B27D-E28611CA171E}
	EndGlobalSection
EndGlobal
